
Microsoft Visual Studio Solution File, Format Version 12.00
# Visual Studio Version 16
VisualStudioVersion = 16.0.809.7
MinimumVisualStudioVersion = 10.0.40219.1
Project("{FAE04EC0-301F-11D3-BF4B-00C04F79EFBC}") = "app.Android", "app.Android\app.Android.csproj", "{CEB7D5B4-57E7-41E7-AF6B-10FD271B33BD}"
EndProject
Project("{FAE04EC0-301F-11D3-BF4B-00C04F79EFBC}") = "app.iOS", "app.iOS\app.iOS.csproj", "{C69F9E67-C909-4530-9095-46EBB0FE28F2}"
EndProject
Project("{FAE04EC0-301F-11D3-BF4B-00C04F79EFBC}") = "app", "app\app.csproj", "{6EB2F8F9-E250-40D3-B708-69EB6D7715D7}"
EndProject
Global
	GlobalSection(SolutionConfigurationPlatforms) = preSolution
		Debug|Any CPU = Debug|Any CPU
		Release|Any CPU = Release|Any CPU
		Debug|iPhoneSimulator = Debug|iPhoneSimulator
		Release|iPhoneSimulator = Release|iPhoneSimulator
		Debug|iPhone = Debug|iPhone
		Release|iPhone = Release|iPhone
	EndGlobalSection
	GlobalSection(ProjectConfigurationPlatforms) = postSolution
		{CEB7D5B4-57E7-41E7-AF6B-10FD271B33BD}.Debug|Any CPU.ActiveCfg = Debug|Any CPU
		{CEB7D5B4-57E7-41E7-AF6B-10FD271B33BD}.Debug|Any CPU.Build.0 = Debug|Any CPU
		{CEB7D5B4-57E7-41E7-AF6B-10FD271B33BD}.Release|Any CPU.ActiveCfg = Release|Any CPU
		{CEB7D5B4-57E7-41E7-AF6B-10FD271B33BD}.Release|Any CPU.Build.0 = Release|Any CPU
		{CEB7D5B4-57E7-41E7-AF6B-10FD271B33BD}.Debug|iPhoneSimulator.ActiveCfg = Debug|Any CPU
		{CEB7D5B4-57E7-41E7-AF6B-10FD271B33BD}.Debug|iPhoneSimulator.Build.0 = Debug|Any CPU
		{CEB7D5B4-57E7-41E7-AF6B-10FD271B33BD}.Release|iPhoneSimulator.ActiveCfg = Release|Any CPU
		{CEB7D5B4-57E7-41E7-AF6B-10FD271B33BD}.Release|iPhoneSimulator.Build.0 = Release|Any CPU
		{CEB7D5B4-57E7-41E7-AF6B-10FD271B33BD}.Debug|iPhone.ActiveCfg = Debug|Any CPU
		{CEB7D5B4-57E7-41E7-AF6B-10FD271B33BD}.Debug|iPhone.Build.0 = Debug|Any CPU
		{CEB7D5B4-57E7-41E7-AF6B-10FD271B33BD}.Release|iPhone.ActiveCfg = Release|Any CPU
		{CEB7D5B4-57E7-41E7-AF6B-10FD271B33BD}.Release|iPhone.Build.0 = Release|Any CPU
		{C69F9E67-C909-4530-9095-46EBB0FE28F2}.Debug|Any CPU.ActiveCfg = Debug|iPhoneSimulator
		{C69F9E67-C909-4530-9095-46EBB0FE28F2}.Debug|Any CPU.Build.0 = Debug|iPhoneSimulator
		{C69F9E67-C909-4530-9095-46EBB0FE28F2}.Release|Any CPU.ActiveCfg = Release|iPhoneSimulator
		{C69F9E67-C909-4530-9095-46EBB0FE28F2}.Release|Any CPU.Build.0 = Release|iPhoneSimulator
		{C69F9E67-C909-4530-9095-46EBB0FE28F2}.Debug|iPhoneSimulator.ActiveCfg = Debug|iPhoneSimulator
		{C69F9E67-C909-4530-9095-46EBB0FE28F2}.Debug|iPhoneSimulator.Build.0 = Debug|iPhoneSimulator
		{C69F9E67-C909-4530-9095-46EBB0FE28F2}.Release|iPhoneSimulator.ActiveCfg = Release|iPhoneSimulator
		{C69F9E67-C909-4530-9095-46EBB0FE28F2}.Release|iPhoneSimulator.Build.0 = Release|iPhoneSimulator
		{C69F9E67-C909-4530-9095-46EBB0FE28F2}.Debug|iPhone.ActiveCfg = Debug|iPhone
		{C69F9E67-C909-4530-9095-46EBB0FE28F2}.Debug|iPhone.Build.0 = Debug|iPhone
		{C69F9E67-C909-4530-9095-46EBB0FE28F2}.Release|iPhone.ActiveCfg = Release|iPhone
		{C69F9E67-C909-4530-9095-46EBB0FE28F2}.Release|iPhone.Build.0 = Release|iPhone
		{6EB2F8F9-E250-40D3-B708-69EB6D7715D7}.Debug|Any CPU.ActiveCfg = Debug|Any CPU
		{6EB2F8F9-E250-40D3-B708-69EB6D7715D7}.Debug|Any CPU.Build.0 = Debug|Any CPU
		{6EB2F8F9-E250-40D3-B708-69EB6D7715D7}.Release|Any CPU.ActiveCfg = Release|Any CPU
		{6EB2F8F9-E250-40D3-B708-69EB6D7715D7}.Release|Any CPU.Build.0 = Release|Any CPU
		{6EB2F8F9-E250-40D3-B708-69EB6D7715D7}.Debug|iPhoneSimulator.ActiveCfg = Debug|Any CPU
		{6EB2F8F9-E250-40D3-B708-69EB6D7715D7}.Debug|iPhoneSimulator.Build.0 = Debug|Any CPU
		{6EB2F8F9-E250-40D3-B708-69EB6D7715D7}.Release|iPhoneSimulator.ActiveCfg = Release|Any CPU
		{6EB2F8F9-E250-40D3-B708-69EB6D7715D7}.Release|iPhoneSimulator.Build.0 = Release|Any CPU
		{6EB2F8F9-E250-40D3-B708-69EB6D7715D7}.Debug|iPhone.ActiveCfg = Debug|Any CPU
		{6EB2F8F9-E250-40D3-B708-69EB6D7715D7}.Debug|iPhone.Build.0 = Debug|Any CPU
		{6EB2F8F9-E250-40D3-B708-69EB6D7715D7}.Release|iPhone.ActiveCfg = Release|Any CPU
		{6EB2F8F9-E250-40D3-B708-69EB6D7715D7}.Release|iPhone.Build.0 = Release|Any CPU
	EndGlobalSection
	GlobalSection(SolutionProperties) = preSolution
		HideSolutionNode = FALSE
	EndGlobalSection
	GlobalSection(ExtensibilityGlobals) = postSolution
		SolutionGuid = {65BED536-5466-4D1C-903C-08533F6C5A83}
	EndGlobalSection
EndGlobal
